// !$*UTF8*$!
{
	archiveVersion = 1;
	classes = {
	};
	objectVersion = 51;
	objects = {

/* Begin PBXBuildFile section */
		72F012EDE3F1693F0CDA264E /* Pods_TableViewController.framework in Frameworks */ = {isa = PBXBuildFile; fileRef = 61D7A675AABB9E25F178D277 /* Pods_TableViewController.framework */; };
		8728D6D023B517550054ECAE /* AppDelegate.swift in Sources */ = {isa = PBXBuildFile; fileRef = 8728D6CF23B517550054ECAE /* AppDelegate.swift */; };
		8728D6D223B517550054ECAE /* SceneDelegate.swift in Sources */ = {isa = PBXBuildFile; fileRef = 8728D6D123B517550054ECAE /* SceneDelegate.swift */; };
		8728D6D723B517550054ECAE /* Main.storyboard in Resources */ = {isa = PBXBuildFile; fileRef = 8728D6D523B517550054ECAE /* Main.storyboard */; };
		8728D6D923B517570054ECAE /* Assets.xcassets in Resources */ = {isa = PBXBuildFile; fileRef = 8728D6D823B517570054ECAE /* Assets.xcassets */; };
		8728D6DC23B517570054ECAE /* LaunchScreen.storyboard in Resources */ = {isa = PBXBuildFile; fileRef = 8728D6DA23B517570054ECAE /* LaunchScreen.storyboard */; };
		8728D6E423B517F40054ECAE /* MainTableViewController.swift in Sources */ = {isa = PBXBuildFile; fileRef = 8728D6E323B517F40054ECAE /* MainTableViewController.swift */; };
		879644EB23DC892600FE541D /* CustomTableViewCell.swift in Sources */ = {isa = PBXBuildFile; fileRef = 879644EA23DC892600FE541D /* CustomTableViewCell.swift */; };
		87C9499C23E47E0E00CFF3F8 /* StorageManager.swift in Sources */ = {isa = PBXBuildFile; fileRef = 87C9499B23E47E0E00CFF3F8 /* StorageManager.swift */; };
		87F4D41323DC9B4500A2076E /* PlaceModel.swift in Sources */ = {isa = PBXBuildFile; fileRef = 87F4D41223DC9B4500A2076E /* PlaceModel.swift */; };
		87F4D41923DDFBB800A2076E /* NewPlaceViewController.swift in Sources */ = {isa = PBXBuildFile; fileRef = 87F4D41823DDFBB800A2076E /* NewPlaceViewController.swift */; };
/* End PBXBuildFile section */

/* Begin PBXFileReference section */
		11F8A2E9F920550D3C1B0879 /* Pods-TableViewController.debug.xcconfig */ = {isa = PBXFileReference; includeInIndex = 1; lastKnownFileType = text.xcconfig; name = "Pods-TableViewController.debug.xcconfig"; path = "Target Support Files/Pods-TableViewController/Pods-TableViewController.debug.xcconfig"; sourceTree = "<group>"; };
		61D7A675AABB9E25F178D277 /* Pods_TableViewController.framework */ = {isa = PBXFileReference; explicitFileType = wrapper.framework; includeInIndex = 0; path = Pods_TableViewController.framework; sourceTree = BUILT_PRODUCTS_DIR; };
		61D9F763DC76FA78A6BBA572 /* Pods-TableViewController.release.xcconfig */ = {isa = PBXFileReference; includeInIndex = 1; lastKnownFileType = text.xcconfig; name = "Pods-TableViewController.release.xcconfig"; path = "Target Support Files/Pods-TableViewController/Pods-TableViewController.release.xcconfig"; sourceTree = "<group>"; };
		8728D6CC23B517550054ECAE /* MyPlace.app */ = {isa = PBXFileReference; explicitFileType = wrapper.application; includeInIndex = 0; path = MyPlace.app; sourceTree = BUILT_PRODUCTS_DIR; };
		8728D6CF23B517550054ECAE /* AppDelegate.swift */ = {isa = PBXFileReference; lastKnownFileType = sourcecode.swift; path = AppDelegate.swift; sourceTree = "<group>"; };
		8728D6D123B517550054ECAE /* SceneDelegate.swift */ = {isa = PBXFileReference; lastKnownFileType = sourcecode.swift; path = SceneDelegate.swift; sourceTree = "<group>"; };
		8728D6D623B517550054ECAE /* Base */ = {isa = PBXFileReference; lastKnownFileType = file.storyboard; name = Base; path = Base.lproj/Main.storyboard; sourceTree = "<group>"; };
		8728D6D823B517570054ECAE /* Assets.xcassets */ = {isa = PBXFileReference; lastKnownFileType = folder.assetcatalog; path = Assets.xcassets; sourceTree = "<group>"; };
		8728D6DB23B517570054ECAE /* Base */ = {isa = PBXFileReference; lastKnownFileType = file.storyboard; name = Base; path = Base.lproj/LaunchScreen.storyboard; sourceTree = "<group>"; };
		8728D6DD23B517570054ECAE /* Info.plist */ = {isa = PBXFileReference; lastKnownFileType = text.plist.xml; path = Info.plist; sourceTree = "<group>"; };
		8728D6E323B517F40054ECAE /* MainTableViewController.swift */ = {isa = PBXFileReference; lastKnownFileType = sourcecode.swift; path = MainTableViewController.swift; sourceTree = "<group>"; };
		879644EA23DC892600FE541D /* CustomTableViewCell.swift */ = {isa = PBXFileReference; lastKnownFileType = sourcecode.swift; path = CustomTableViewCell.swift; sourceTree = "<group>"; };
		87C9499B23E47E0E00CFF3F8 /* StorageManager.swift */ = {isa = PBXFileReference; lastKnownFileType = sourcecode.swift; path = StorageManager.swift; sourceTree = "<group>"; };
		87F4D41223DC9B4500A2076E /* PlaceModel.swift */ = {isa = PBXFileReference; lastKnownFileType = sourcecode.swift; path = PlaceModel.swift; sourceTree = "<group>"; };
		87F4D41823DDFBB800A2076E /* NewPlaceViewController.swift */ = {isa = PBXFileReference; lastKnownFileType = sourcecode.swift; path = NewPlaceViewController.swift; sourceTree = "<group>"; };
/* End PBXFileReference section */

/* Begin PBXFrameworksBuildPhase section */
		8728D6C923B517550054ECAE /* Frameworks */ = {
			isa = PBXFrameworksBuildPhase;
			buildActionMask = 2147483647;
			files = (
				72F012EDE3F1693F0CDA264E /* Pods_TableViewController.framework in Frameworks */,
			);
			runOnlyForDeploymentPostprocessing = 0;
		};
/* End PBXFrameworksBuildPhase section */

/* Begin PBXGroup section */
		7B2AA770F0972DABFFED9CAA /* Pods */ = {
			isa = PBXGroup;
			children = (
				11F8A2E9F920550D3C1B0879 /* Pods-TableViewController.debug.xcconfig */,
				61D9F763DC76FA78A6BBA572 /* Pods-TableViewController.release.xcconfig */,
			);
			path = Pods;
			sourceTree = "<group>";
		};
		8728D6C323B517550054ECAE = {
			isa = PBXGroup;
			children = (
				8728D6CE23B517550054ECAE /* TableViewController */,
				8728D6CD23B517550054ECAE /* Products */,
				7B2AA770F0972DABFFED9CAA /* Pods */,
				E58925638D1331E71C981672 /* Frameworks */,
			);
			sourceTree = "<group>";
		};
		8728D6CD23B517550054ECAE /* Products */ = {
			isa = PBXGroup;
			children = (
				8728D6CC23B517550054ECAE /* MyPlace.app */,
			);
			name = Products;
			sourceTree = "<group>";
		};
		8728D6CE23B517550054ECAE /* TableViewController */ = {
			isa = PBXGroup;
			children = (
				8728D6CF23B517550054ECAE /* AppDelegate.swift */,
				8728D6D123B517550054ECAE /* SceneDelegate.swift */,
				8728D6E323B517F40054ECAE /* MainTableViewController.swift */,
				879644EA23DC892600FE541D /* CustomTableViewCell.swift */,
				87F4D41823DDFBB800A2076E /* NewPlaceViewController.swift */,
				87F4D41223DC9B4500A2076E /* PlaceModel.swift */,
				87C9499B23E47E0E00CFF3F8 /* StorageManager.swift */,
				8728D6D523B517550054ECAE /* Main.storyboard */,
				8728D6D823B517570054ECAE /* Assets.xcassets */,
				8728D6DA23B517570054ECAE /* LaunchScreen.storyboard */,
				8728D6DD23B517570054ECAE /* Info.plist */,
			);
			path = TableViewController;
			sourceTree = "<group>";
		};
		E58925638D1331E71C981672 /* Frameworks */ = {
			isa = PBXGroup;
			children = (
				61D7A675AABB9E25F178D277 /* Pods_TableViewController.framework */,
			);
			name = Frameworks;
			sourceTree = "<group>";
		};
/* End PBXGroup section */

/* Begin PBXNativeTarget section */
		8728D6CB23B517550054ECAE /* TableViewController */ = {
			isa = PBXNativeTarget;
			buildConfigurationList = 8728D6E023B517570054ECAE /* Build configuration list for PBXNativeTarget "TableViewController" */;
			buildPhases = (
				630D3629C9FA94EC9DBCDEF7 /* [CP] Check Pods Manifest.lock */,
				8728D6C823B517550054ECAE /* Sources */,
				8728D6C923B517550054ECAE /* Frameworks */,
				8728D6CA23B517550054ECAE /* Resources */,
				22D89EEBBE86274476B7FA57 /* [CP] Embed Pods Frameworks */,
			);
			buildRules = (
			);
			dependencies = (
			);
			name = TableViewController;
			productName = TableViewController;
			productReference = 8728D6CC23B517550054ECAE /* MyPlace.app */;
			productType = "com.apple.product-type.application";
		};
/* End PBXNativeTarget section */

/* Begin PBXProject section */
		8728D6C423B517550054ECAE /* Project object */ = {
			isa = PBXProject;
			attributes = {
				LastSwiftUpdateCheck = 1130;
				LastUpgradeCheck = 1130;
				ORGANIZATIONNAME = "Сергей";
				TargetAttributes = {
					8728D6CB23B517550054ECAE = {
						CreatedOnToolsVersion = 11.3;
					};
				};
			};
			buildConfigurationList = 8728D6C723B517550054ECAE /* Build configuration list for PBXProject "TableViewController" */;
			compatibilityVersion = "Xcode 9.3";
			developmentRegion = en;
			hasScannedForEncodings = 0;
			knownRegions = (
				en,
				Base,
			);
			mainGroup = 8728D6C323B517550054ECAE;
			productRefGroup = 8728D6CD23B517550054ECAE /* Products */;
			projectDirPath = "";
			projectRoot = "";
			targets = (
				8728D6CB23B517550054ECAE /* TableViewController */,
			);
		};
/* End PBXProject section */

/* Begin PBXResourcesBuildPhase section */
		8728D6CA23B517550054ECAE /* Resources */ = {
			isa = PBXResourcesBuildPhase;
			buildActionMask = 2147483647;
			files = (
				8728D6DC23B517570054ECAE /* LaunchScreen.storyboard in Resources */,
				8728D6D923B517570054ECAE /* Assets.xcassets in Resources */,
				8728D6D723B517550054ECAE /* Main.storyboard in Resources */,
			);
			runOnlyForDeploymentPostprocessing = 0;
		};
/* End PBXResourcesBuildPhase section */

/* Begin PBXShellScriptBuildPhase section */
		22D89EEBBE86274476B7FA57 /* [CP] Embed Pods Frameworks */ = {
			isa = PBXShellScriptBuildPhase;
			buildActionMask = 2147483647;
			files = (
			);
			inputFileListPaths = (
				"${PODS_ROOT}/Target Support Files/Pods-TableViewController/Pods-TableViewController-frameworks-${CONFIGURATION}-input-files.xcfilelist",
			);
			name = "[CP] Embed Pods Frameworks";
			outputFileListPaths = (
				"${PODS_ROOT}/Target Support Files/Pods-TableViewController/Pods-TableViewController-frameworks-${CONFIGURATION}-output-files.xcfilelist",
			);
			runOnlyForDeploymentPostprocessing = 0;
			shellPath = /bin/sh;
			shellScript = "\"${PODS_ROOT}/Target Support Files/Pods-TableViewController/Pods-TableViewController-frameworks.sh\"\n";
			showEnvVarsInLog = 0;
		};
		630D3629C9FA94EC9DBCDEF7 /* [CP] Check Pods Manifest.lock */ = {
			isa = PBXShellScriptBuildPhase;
			buildActionMask = 2147483647;
			files = (
			);
			inputFileListPaths = (
			);
			inputPaths = (
				"${PODS_PODFILE_DIR_PATH}/Podfile.lock",
				"${PODS_ROOT}/Manifest.lock",
			);
			name = "[CP] Check Pods Manifest.lock";
			outputFileListPaths = (
			);
			outputPaths = (
				"$(DERIVED_FILE_DIR)/Pods-TableViewController-checkManifestLockResult.txt",
			);
			runOnlyForDeploymentPostprocessing = 0;
			shellPath = /bin/sh;
			shellScript = "diff \"${PODS_PODFILE_DIR_PATH}/Podfile.lock\" \"${PODS_ROOT}/Manifest.lock\" > /dev/null\nif [ $? != 0 ] ; then\n    # print error to STDERR\n    echo \"error: The sandbox is not in sync with the Podfile.lock. Run 'pod install' or update your CocoaPods installation.\" >&2\n    exit 1\nfi\n# This output is used by Xcode 'outputs' to avoid re-running this script phase.\necho \"SUCCESS\" > \"${SCRIPT_OUTPUT_FILE_0}\"\n";
			showEnvVarsInLog = 0;
		};
/* End PBXShellScriptBuildPhase section */

/* Begin PBXSourcesBuildPhase section */
		8728D6C823B517550054ECAE /* Sources */ = {
			isa = PBXSourcesBuildPhase;
			buildActionMask = 2147483647;
			files = (
				8728D6D023B517550054ECAE /* AppDelegate.swift in Sources */,
				87F4D41923DDFBB800A2076E /* NewPlaceViewController.swift in Sources */,
				8728D6E423B517F40054ECAE /* MainTableViewController.swift in Sources */,
				87C9499C23E47E0E00CFF3F8 /* StorageManager.swift in Sources */,
				87F4D41323DC9B4500A2076E /* PlaceModel.swift in Sources */,
				879644EB23DC892600FE541D /* CustomTableViewCell.swift in Sources */,
				8728D6D223B517550054ECAE /* SceneDelegate.swift in Sources */,
			);
			runOnlyForDeploymentPostprocessing = 0;
		};
/* End PBXSourcesBuildPhase section */

/* Begin PBXVariantGroup section */
		8728D6D523B517550054ECAE /* Main.storyboard */ = {
			isa = PBXVariantGroup;
			children = (
				8728D6D623B517550054ECAE /* Base */,
			);
			name = Main.storyboard;
			sourceTree = "<group>";
		};
		8728D6DA23B517570054ECAE /* LaunchScreen.storyboard */ = {
			isa = PBXVariantGroup;
			children = (
				8728D6DB23B517570054ECAE /* Base */,
			);
			name = LaunchScreen.storyboard;
			sourceTree = "<group>";
		};
/* End PBXVariantGroup section */

/* Begin XCBuildConfiguration section */
		8728D6DE23B517570054ECAE /* Debug */ = {
			isa = XCBuildConfiguration;
			buildSettings = {
				ALWAYS_SEARCH_USER_PATHS = NO;
				CLANG_ANALYZER_NONNULL = YES;
				CLANG_ANALYZER_NUMBER_OBJECT_CONVERSION = YES_AGGRESSIVE;
				CLANG_CXX_LANGUAGE_STANDARD = "gnu++14";
				CLANG_CXX_LIBRARY = "libc++";
				CLANG_ENABLE_MODULES = YES;
				CLANG_ENABLE_OBJC_ARC = YES;
				CLANG_ENABLE_OBJC_WEAK = YES;
				CLANG_WARN_BLOCK_CAPTURE_AUTORELEASING = YES;
				CLANG_WARN_BOOL_CONVERSION = YES;
				CLANG_WARN_COMMA = YES;
				CLANG_WARN_CONSTANT_CONVERSION = YES;
				CLANG_WARN_DEPRECATED_OBJC_IMPLEMENTATIONS = YES;
				CLANG_WARN_DIRECT_OBJC_ISA_USAGE = YES_ERROR;
				CLANG_WARN_DOCUMENTATION_COMMENTS = YES;
				CLANG_WARN_EMPTY_BODY = YES;
				CLANG_WARN_ENUM_CONVERSION = YES;
				CLANG_WARN_INFINITE_RECURSION = YES;
				CLANG_WARN_INT_CONVERSION = YES;
				CLANG_WARN_NON_LITERAL_NULL_CONVERSION = YES;
				CLANG_WARN_OBJC_IMPLICIT_RETAIN_SELF = YES;
				CLANG_WARN_OBJC_LITERAL_CONVERSION = YES;
				CLANG_WARN_OBJC_ROOT_CLASS = YES_ERROR;
				CLANG_WARN_RANGE_LOOP_ANALYSIS = YES;
				CLANG_WARN_STRICT_PROTOTYPES = YES;
				CLANG_WARN_SUSPICIOUS_MOVE = YES;
				CLANG_WARN_UNGUARDED_AVAILABILITY = YES_AGGRESSIVE;
				CLANG_WARN_UNREACHABLE_CODE = YES;
				CLANG_WARN__DUPLICATE_METHOD_MATCH = YES;
				COPY_PHASE_STRIP = NO;
				DEBUG_INFORMATION_FORMAT = dwarf;
				ENABLE_STRICT_OBJC_MSGSEND = YES;
				ENABLE_TESTABILITY = YES;
				GCC_C_LANGUAGE_STANDARD = gnu11;
				GCC_DYNAMIC_NO_PIC = NO;
				GCC_NO_COMMON_BLOCKS = YES;
				GCC_OPTIMIZATION_LEVEL = 0;
				GCC_PREPROCESSOR_DEFINITIONS = (
					"DEBUG=1",
					"$(inherited)",
				);
				GCC_WARN_64_TO_32_BIT_CONVERSION = YES;
				GCC_WARN_ABOUT_RETURN_TYPE = YES_ERROR;
				GCC_WARN_UNDECLARED_SELECTOR = YES;
				GCC_WARN_UNINITIALIZED_AUTOS = YES_AGGRESSIVE;
				GCC_WARN_UNUSED_FUNCTION = YES;
				GCC_WARN_UNUSED_VARIABLE = YES;
				IPHONEOS_DEPLOYMENT_TARGET = 13.2;
				MTL_ENABLE_DEBUG_INFO = INCLUDE_SOURCE;
				MTL_FAST_MATH = YES;
				ONLY_ACTIVE_ARCH = YES;
				SDKROOT = iphoneos;
				SWIFT_ACTIVE_COMPILATION_CONDITIONS = DEBUG;
				SWIFT_OPTIMIZATION_LEVEL = "-Onone";
			};
			name = Debug;
		};
		8728D6DF23B517570054ECAE /* Release */ = {
			isa = XCBuildConfiguration;
			buildSettings = {
				ALWAYS_SEARCH_USER_PATHS = NO;
				CLANG_ANALYZER_NONNULL = YES;
				CLANG_ANALYZER_NUMBER_OBJECT_CONVERSION = YES_AGGRESSIVE;
				CLANG_CXX_LANGUAGE_STANDARD = "gnu++14";
				CLANG_CXX_LIBRARY = "libc++";
				CLANG_ENABLE_MODULES = YES;
				CLANG_ENABLE_OBJC_ARC = YES;
				CLANG_ENABLE_OBJC_WEAK = YES;
				CLANG_WARN_BLOCK_CAPTURE_AUTORELEASING = YES;
				CLANG_WARN_BOOL_CONVERSION = YES;
				CLANG_WARN_COMMA = YES;
				CLANG_WARN_CONSTANT_CONVERSION = YES;
				CLANG_WARN_DEPRECATED_OBJC_IMPLEMENTATIONS = YES;
				CLANG_WARN_DIRECT_OBJC_ISA_USAGE = YES_ERROR;
				CLANG_WARN_DOCUMENTATION_COMMENTS = YES;
				CLANG_WARN_EMPTY_BODY = YES;
				CLANG_WARN_ENUM_CONVERSION = YES;
				CLANG_WARN_INFINITE_RECURSION = YES;
				CLANG_WARN_INT_CONVERSION = YES;
				CLANG_WARN_NON_LITERAL_NULL_CONVERSION = YES;
				CLANG_WARN_OBJC_IMPLICIT_RETAIN_SELF = YES;
				CLANG_WARN_OBJC_LITERAL_CONVERSION = YES;
				CLANG_WARN_OBJC_ROOT_CLASS = YES_ERROR;
				CLANG_WARN_RANGE_LOOP_ANALYSIS = YES;
				CLANG_WARN_STRICT_PROTOTYPES = YES;
				CLANG_WARN_SUSPICIOUS_MOVE = YES;
				CLANG_WARN_UNGUARDED_AVAILABILITY = YES_AGGRESSIVE;
				CLANG_WARN_UNREACHABLE_CODE = YES;
				CLANG_WARN__DUPLICATE_METHOD_MATCH = YES;
				COPY_PHASE_STRIP = NO;
				DEBUG_INFORMATION_FORMAT = "dwarf-with-dsym";
				ENABLE_NS_ASSERTIONS = NO;
				ENABLE_STRICT_OBJC_MSGSEND = YES;
				GCC_C_LANGUAGE_STANDARD = gnu11;
				GCC_NO_COMMON_BLOCKS = YES;
				GCC_WARN_64_TO_32_BIT_CONVERSION = YES;
				GCC_WARN_ABOUT_RETURN_TYPE = YES_ERROR;
				GCC_WARN_UNDECLARED_SELECTOR = YES;
				GCC_WARN_UNINITIALIZED_AUTOS = YES_AGGRESSIVE;
				GCC_WARN_UNUSED_FUNCTION = YES;
				GCC_WARN_UNUSED_VARIABLE = YES;
				IPHONEOS_DEPLOYMENT_TARGET = 13.2;
				MTL_ENABLE_DEBUG_INFO = NO;
				MTL_FAST_MATH = YES;
				SDKROOT = iphoneos;
				SWIFT_COMPILATION_MODE = wholemodule;
				SWIFT_OPTIMIZATION_LEVEL = "-O";
				VALIDATE_PRODUCT = YES;
			};
			name = Release;
		};
		8728D6E123B517570054ECAE /* Debug */ = {
			isa = XCBuildConfiguration;
			baseConfigurationReference = 11F8A2E9F920550D3C1B0879 /* Pods-TableViewController.debug.xcconfig */;
			buildSettings = {
				ASSETCATALOG_COMPILER_APPICON_NAME = AppIcon;
				CODE_SIGN_STYLE = Automatic;
				DEVELOPMENT_TEAM = W9Z3YC6W2U;
				INFOPLIST_FILE = TableViewController/Info.plist;
				LD_RUNPATH_SEARCH_PATHS = (
					"$(inherited)",
					"@executable_path/Frameworks",
				);
				PRODUCT_BUNDLE_IDENTIFIER = "-.TableViewController";
				PRODUCT_NAME = MyPlace;
				SWIFT_VERSION = 5.0;
				TARGETED_DEVICE_FAMILY = 1;
			};
			name = Debug;
		};
		8728D6E223B517570054ECAE /* Release */ = {
			isa = XCBuildConfiguration;
			baseConfigurationReference = 61D9F763DC76FA78A6BBA572 /* Pods-TableViewController.release.xcconfig */;
			buildSettings = {
				ASSETCATALOG_COMPILER_APPICON_NAME = AppIcon;
				CODE_SIGN_STYLE = Automatic;
				DEVELOPMENT_TEAM = W9Z3YC6W2U;
				INFOPLIST_FILE = TableViewController/Info.plist;
				LD_RUNPATH_SEARCH_PATHS = (
					"$(inherited)",
					"@executable_path/Frameworks",
				);
				PRODUCT_BUNDLE_IDENTIFIER = "-.TableViewController";
				PRODUCT_NAME = MyPlace;
				SWIFT_VERSION = 5.0;
				TARGETED_DEVICE_FAMILY = 1;
			};
			name = Release;
		};
/* End XCBuildConfiguration section */

/* Begin XCConfigurationList section */
		8728D6C723B517550054ECAE /* Build configuration list for PBXProject "TableViewController" */ = {
			isa = XCConfigurationList;
			buildConfigurations = (
				8728D6DE23B517570054ECAE /* Debug */,
				8728D6DF23B517570054ECAE /* Release */,
			);
			defaultConfigurationIsVisible = 0;
			defaultConfigurationName = Release;
		};
		8728D6E023B517570054ECAE /* Build configuration list for PBXNativeTarget "TableViewController" */ = {
			isa = XCConfigurationList;
			buildConfigurations = (
				8728D6E123B517570054ECAE /* Debug */,
				8728D6E223B517570054ECAE /* Release */,
			);
			defaultConfigurationIsVisible = 0;
			defaultConfigurationName = Release;
		};
/* End XCConfigurationList section */
	};
	rootObject = 8728D6C423B517550054ECAE /* Project object */;
}
